// !$*UTF8*$!
{
	archiveVersion = 1;
	classes = {
	};
	objectVersion = 46;
	objects = {

/* Begin PBXBuildFile section */
		948C0DCC1AAA30B000847345 /* AppDelegate.swift in Sources */ = {isa = PBXBuildFile; fileRef = 948C0DCB1AAA30B000847345 /* AppDelegate.swift */; };
		948C0DCE1AAA30B000847345 /* ViewController.swift in Sources */ = {isa = PBXBuildFile; fileRef = 948C0DCD1AAA30B000847345 /* ViewController.swift */; };
		948C0DD11AAA30B000847345 /* Main.storyboard in Resources */ = {isa = PBXBuildFile; fileRef = 948C0DCF1AAA30B000847345 /* Main.storyboard */; };
		948C0DD31AAA30B000847345 /* Images.xcassets in Resources */ = {isa = PBXBuildFile; fileRef = 948C0DD21AAA30B000847345 /* Images.xcassets */; };
		948C0DD61AAA30B000847345 /* LaunchScreen.xib in Resources */ = {isa = PBXBuildFile; fileRef = 948C0DD41AAA30B000847345 /* LaunchScreen.xib */; };
		948C0DE21AAA30B000847345 /* LocationSampleTests.swift in Sources */ = {isa = PBXBuildFile; fileRef = 948C0DE11AAA30B000847345 /* LocationSampleTests.swift */; };
		948C0DF51AAA5A9800847345 /* MapKit.framework in Frameworks */ = {isa = PBXBuildFile; fileRef = 948C0DF41AAA5A9800847345 /* MapKit.framework */; };
		948C0DF71AAA5CDC00847345 /* csr.gpx in Resources */ = {isa = PBXBuildFile; fileRef = 948C0DF61AAA5CDC00847345 /* csr.gpx */; };
/* End PBXBuildFile section */

/* Begin PBXContainerItemProxy section */
		948C0DDC1AAA30B000847345 /* PBXContainerItemProxy */ = {
			isa = PBXContainerItemProxy;
			containerPortal = 948C0DBE1AAA30B000847345 /* Project object */;
			proxyType = 1;
			remoteGlobalIDString = 948C0DC51AAA30B000847345;
			remoteInfo = LocationSample;
		};
/* End PBXContainerItemProxy section */

/* Begin PBXFileReference section */
		948C0DC61AAA30B000847345 /* LocationSample.app */ = {isa = PBXFileReference; explicitFileType = wrapper.application; includeInIndex = 0; path = LocationSample.app; sourceTree = BUILT_PRODUCTS_DIR; };
		948C0DCA1AAA30B000847345 /* Info.plist */ = {isa = PBXFileReference; lastKnownFileType = text.plist.xml; path = Info.plist; sourceTree = "<group>"; };
		948C0DCB1AAA30B000847345 /* AppDelegate.swift */ = {isa = PBXFileReference; lastKnownFileType = sourcecode.swift; path = AppDelegate.swift; sourceTree = "<group>"; };
		948C0DCD1AAA30B000847345 /* ViewController.swift */ = {isa = PBXFileReference; lastKnownFileType = sourcecode.swift; path = ViewController.swift; sourceTree = "<group>"; };
		948C0DD01AAA30B000847345 /* Base */ = {isa = PBXFileReference; lastKnownFileType = file.storyboard; name = Base; path = Base.lproj/Main.storyboard; sourceTree = "<group>"; };
		948C0DD21AAA30B000847345 /* Images.xcassets */ = {isa = PBXFileReference; lastKnownFileType = folder.assetcatalog; path = Images.xcassets; sourceTree = "<group>"; };
		948C0DD51AAA30B000847345 /* Base */ = {isa = PBXFileReference; lastKnownFileType = file.xib; name = Base; path = Base.lproj/LaunchScreen.xib; sourceTree = "<group>"; };
		948C0DDB1AAA30B000847345 /* LocationSampleTests.xctest */ = {isa = PBXFileReference; explicitFileType = wrapper.cfbundle; includeInIndex = 0; path = LocationSampleTests.xctest; sourceTree = BUILT_PRODUCTS_DIR; };
		948C0DE01AAA30B000847345 /* Info.plist */ = {isa = PBXFileReference; lastKnownFileType = text.plist.xml; path = Info.plist; sourceTree = "<group>"; };
		948C0DE11AAA30B000847345 /* LocationSampleTests.swift */ = {isa = PBXFileReference; lastKnownFileType = sourcecode.swift; path = LocationSampleTests.swift; sourceTree = "<group>"; };
		948C0DF41AAA5A9800847345 /* MapKit.framework */ = {isa = PBXFileReference; lastKnownFileType = wrapper.framework; name = MapKit.framework; path = System/Library/Frameworks/MapKit.framework; sourceTree = SDKROOT; };
		948C0DF61AAA5CDC00847345 /* csr.gpx */ = {isa = PBXFileReference; fileEncoding = 4; lastKnownFileType = text.xml; path = csr.gpx; sourceTree = "<group>"; };
/* End PBXFileReference section */

/* Begin PBXFrameworksBuildPhase section */
		948C0DC31AAA30B000847345 /* Frameworks */ = {
			isa = PBXFrameworksBuildPhase;
			buildActionMask = 2147483647;
			files = (
				948C0DF51AAA5A9800847345 /* MapKit.framework in Frameworks */,
			);
			runOnlyForDeploymentPostprocessing = 0;
		};
		948C0DD81AAA30B000847345 /* Frameworks */ = {
			isa = PBXFrameworksBuildPhase;
			buildActionMask = 2147483647;
			files = (
			);
			runOnlyForDeploymentPostprocessing = 0;
		};
/* End PBXFrameworksBuildPhase section */

/* Begin PBXGroup section */
		948C0DBD1AAA30B000847345 = {
			isa = PBXGroup;
			children = (
				948C0DF41AAA5A9800847345 /* MapKit.framework */,
				948C0DC81AAA30B000847345 /* LocationSample */,
				948C0DDE1AAA30B000847345 /* LocationSampleTests */,
				948C0DC71AAA30B000847345 /* Products */,
			);
			sourceTree = "<group>";
		};
		948C0DC71AAA30B000847345 /* Products */ = {
			isa = PBXGroup;
			children = (
				948C0DC61AAA30B000847345 /* LocationSample.app */,
				948C0DDB1AAA30B000847345 /* LocationSampleTests.xctest */,
			);
			name = Products;
			sourceTree = "<group>";
		};
		948C0DC81AAA30B000847345 /* LocationSample */ = {
			isa = PBXGroup;
			children = (
				948C0DF61AAA5CDC00847345 /* csr.gpx */,
				948C0DCB1AAA30B000847345 /* AppDelegate.swift */,
				948C0DCD1AAA30B000847345 /* ViewController.swift */,
				948C0DCF1AAA30B000847345 /* Main.storyboard */,
				948C0DD21AAA30B000847345 /* Images.xcassets */,
				948C0DD41AAA30B000847345 /* LaunchScreen.xib */,
				948C0DC91AAA30B000847345 /* Supporting Files */,
			);
			path = LocationSample;
			sourceTree = "<group>";
		};
		948C0DC91AAA30B000847345 /* Supporting Files */ = {
			isa = PBXGroup;
			children = (
				948C0DCA1AAA30B000847345 /* Info.plist */,
			);
			name = "Supporting Files";
			sourceTree = "<group>";
		};
		948C0DDE1AAA30B000847345 /* LocationSampleTests */ = {
			isa = PBXGroup;
			children = (
				948C0DE11AAA30B000847345 /* LocationSampleTests.swift */,
				948C0DDF1AAA30B000847345 /* Supporting Files */,
			);
			path = LocationSampleTests;
			sourceTree = "<group>";
		};
		948C0DDF1AAA30B000847345 /* Supporting Files */ = {
			isa = PBXGroup;
			children = (
				948C0DE01AAA30B000847345 /* Info.plist */,
			);
			name = "Supporting Files";
			sourceTree = "<group>";
		};
/* End PBXGroup section */

/* Begin PBXNativeTarget section */
		948C0DC51AAA30B000847345 /* LocationSample */ = {
			isa = PBXNativeTarget;
			buildConfigurationList = 948C0DE51AAA30B000847345 /* Build configuration list for PBXNativeTarget "LocationSample" */;
			buildPhases = (
				948C0DC21AAA30B000847345 /* Sources */,
				948C0DC31AAA30B000847345 /* Frameworks */,
				948C0DC41AAA30B000847345 /* Resources */,
			);
			buildRules = (
			);
			dependencies = (
			);
			name = LocationSample;
			productName = LocationSample;
			productReference = 948C0DC61AAA30B000847345 /* LocationSample.app */;
			productType = "com.apple.product-type.application";
		};
		948C0DDA1AAA30B000847345 /* LocationSampleTests */ = {
			isa = PBXNativeTarget;
			buildConfigurationList = 948C0DE81AAA30B000847345 /* Build configuration list for PBXNativeTarget "LocationSampleTests" */;
			buildPhases = (
				948C0DD71AAA30B000847345 /* Sources */,
				948C0DD81AAA30B000847345 /* Frameworks */,
				948C0DD91AAA30B000847345 /* Resources */,
			);
			buildRules = (
			);
			dependencies = (
				948C0DDD1AAA30B000847345 /* PBXTargetDependency */,
			);
			name = LocationSampleTests;
			productName = LocationSampleTests;
			productReference = 948C0DDB1AAA30B000847345 /* LocationSampleTests.xctest */;
			productType = "com.apple.product-type.bundle.unit-test";
		};
/* End PBXNativeTarget section */

/* Begin PBXProject section */
		948C0DBE1AAA30B000847345 /* Project object */ = {
			isa = PBXProject;
			attributes = {
				LastUpgradeCheck = 0610;
				ORGANIZATIONNAME = CSR;
				TargetAttributes = {
					948C0DC51AAA30B000847345 = {
						CreatedOnToolsVersion = 6.1.1;
					};
					948C0DDA1AAA30B000847345 = {
						CreatedOnToolsVersion = 6.1.1;
						TestTargetID = 948C0DC51AAA30B000847345;
					};
				};
			};
			buildConfigurationList = 948C0DC11AAA30B000847345 /* Build configuration list for PBXProject "LocationSample" */;
			compatibilityVersion = "Xcode 3.2";
			developmentRegion = English;
			hasScannedForEncodings = 0;
			knownRegions = (
				en,
				Base,
			);
			mainGroup = 948C0DBD1AAA30B000847345;
			productRefGroup = 948C0DC71AAA30B000847345 /* Products */;
			projectDirPath = "";
			projectRoot = "";
			targets = (
				948C0DC51AAA30B000847345 /* LocationSample */,
				948C0DDA1AAA30B000847345 /* LocationSampleTests */,
			);
		};
/* End PBXProject section */

/* Begin PBXResourcesBuildPhase section */
		948C0DC41AAA30B000847345 /* Resources */ = {
			isa = PBXResourcesBuildPhase;
			buildActionMask = 2147483647;
			files = (
				948C0DF71AAA5CDC00847345 /* csr.gpx in Resources */,
				948C0DD11AAA30B000847345 /* Main.storyboard in Resources */,
				948C0DD61AAA30B000847345 /* LaunchScreen.xib in Resources */,
				948C0DD31AAA30B000847345 /* Images.xcassets in Resources */,
			);
			runOnlyForDeploymentPostprocessing = 0;
		};
		948C0DD91AAA30B000847345 /* Resources */ = {
			isa = PBXResourcesBuildPhase;
			buildActionMask = 2147483647;
			files = (
			);
			runOnlyForDeploymentPostprocessing = 0;
		};
/* End PBXResourcesBuildPhase section */

/* Begin PBXSourcesBuildPhase section */
		948C0DC21AAA30B000847345 /* Sources */ = {
			isa = PBXSourcesBuildPhase;
			buildActionMask = 2147483647;
			files = (
				948C0DCE1AAA30B000847345 /* ViewController.swift in Sources */,
				948C0DCC1AAA30B000847345 /* AppDelegate.swift in Sources */,
			);
			runOnlyForDeploymentPostprocessing = 0;
		};
		948C0DD71AAA30B000847345 /* Sources */ = {
			isa = PBXSourcesBuildPhase;
			buildActionMask = 2147483647;
			files = (
				948C0DE21AAA30B000847345 /* LocationSampleTests.swift in Sources */,
			);
			runOnlyForDeploymentPostprocessing = 0;
		};
/* End PBXSourcesBuildPhase section */

/* Begin PBXTargetDependency section */
		948C0DDD1AAA30B000847345 /* PBXTargetDependency */ = {
			isa = PBXTargetDependency;
			target = 948C0DC51AAA30B000847345 /* LocationSample */;
			targetProxy = 948C0DDC1AAA30B000847345 /* PBXContainerItemProxy */;
		};
/* End PBXTargetDependency section */

/* Begin PBXVariantGroup section */
		948C0DCF1AAA30B000847345 /* Main.storyboard */ = {
			isa = PBXVariantGroup;
			children = (
				948C0DD01AAA30B000847345 /* Base */,
			);
			name = Main.storyboard;
			sourceTree = "<group>";
		};
		948C0DD41AAA30B000847345 /* LaunchScreen.xib */ = {
			isa = PBXVariantGroup;
			children = (
				948C0DD51AAA30B000847345 /* Base */,
			);
			name = LaunchScreen.xib;
			sourceTree = "<group>";
		};
/* End PBXVariantGroup section */

/* Begin XCBuildConfiguration section */
		948C0DE31AAA30B000847345 /* Debug */ = {
			isa = XCBuildConfiguration;
			buildSettings = {
				ALWAYS_SEARCH_USER_PATHS = NO;
				CLANG_CXX_LANGUAGE_STANDARD = "gnu++0x";
				CLANG_CXX_LIBRARY = "libc++";
				CLANG_ENABLE_MODULES = YES;
				CLANG_ENABLE_OBJC_ARC = YES;
				CLANG_WARN_BOOL_CONVERSION = YES;
				CLANG_WARN_CONSTANT_CONVERSION = YES;
				CLANG_WARN_DIRECT_OBJC_ISA_USAGE = YES_ERROR;
				CLANG_WARN_EMPTY_BODY = YES;
				CLANG_WARN_ENUM_CONVERSION = YES;
				CLANG_WARN_INT_CONVERSION = YES;
				CLANG_WARN_OBJC_ROOT_CLASS = YES_ERROR;
				CLANG_WARN_UNREACHABLE_CODE = YES;
				CLANG_WARN__DUPLICATE_METHOD_MATCH = YES;
				"CODE_SIGN_IDENTITY[sdk=iphoneos*]" = "iPhone Developer";
				COPY_PHASE_STRIP = NO;
				ENABLE_STRICT_OBJC_MSGSEND = YES;
				GCC_C_LANGUAGE_STANDARD = gnu99;
				GCC_DYNAMIC_NO_PIC = NO;
				GCC_OPTIMIZATION_LEVEL = 0;
				GCC_PREPROCESSOR_DEFINITIONS = (
					"DEBUG=1",
					"$(inherited)",
				);
				GCC_SYMBOLS_PRIVATE_EXTERN = NO;
				GCC_WARN_64_TO_32_BIT_CONVERSION = YES;
				GCC_WARN_ABOUT_RETURN_TYPE = YES_ERROR;
				GCC_WARN_UNDECLARED_SELECTOR = YES;
				GCC_WARN_UNINITIALIZED_AUTOS = YES_AGGRESSIVE;
				GCC_WARN_UNUSED_FUNCTION = YES;
				GCC_WARN_UNUSED_VARIABLE = YES;
				IPHONEOS_DEPLOYMENT_TARGET = 8.1;
				MTL_ENABLE_DEBUG_INFO = YES;
				ONLY_ACTIVE_ARCH = YES;
				SDKROOT = iphoneos;
				SWIFT_OPTIMIZATION_LEVEL = "-Onone";
			};
			name = Debug;
		};
		948C0DE41AAA30B000847345 /* Release */ = {
			isa = XCBuildConfiguration;
			buildSettings = {
				ALWAYS_SEARCH_USER_PATHS = NO;
				CLANG_CXX_LANGUAGE_STANDARD = "gnu++0x";
				CLANG_CXX_LIBRARY = "libc++";
				CLANG_ENABLE_MODULES = YES;
				CLANG_ENABLE_OBJC_ARC = YES;
				CLANG_WARN_BOOL_CONVERSION = YES;
				CLANG_WARN_CONSTANT_CONVERSION = YES;
				CLANG_WARN_DIRECT_OBJC_ISA_USAGE = YES_ERROR;
				CLANG_WARN_EMPTY_BODY = YES;
				CLANG_WARN_ENUM_CONVERSION = YES;
				CLANG_WARN_INT_CONVERSION = YES;
				CLANG_WARN_OBJC_ROOT_CLASS = YES_ERROR;
				CLANG_WARN_UNREACHABLE_CODE = YES;
				CLANG_WARN__DUPLICATE_METHOD_MATCH = YES;
				"CODE_SIGN_IDENTITY[sdk=iphoneos*]" = "iPhone Developer";
				COPY_PHASE_STRIP = YES;
				ENABLE_NS_ASSERTIONS = NO;
				ENABLE_STRICT_OBJC_MSGSEND = YES;
				GCC_C_LANGUAGE_STANDARD = gnu99;
				GCC_WARN_64_TO_32_BIT_CONVERSION = YES;
				GCC_WARN_ABOUT_RETURN_TYPE = YES_ERROR;
				GCC_WARN_UNDECLARED_SELECTOR = YES;
				GCC_WARN_UNINITIALIZED_AUTOS = YES_AGGRESSIVE;
				GCC_WARN_UNUSED_FUNCTION = YES;
				GCC_WARN_UNUSED_VARIABLE = YES;
				IPHONEOS_DEPLOYMENT_TARGET = 8.1;
				MTL_ENABLE_DEBUG_INFO = NO;
				SDKROOT = iphoneos;
				VALIDATE_PRODUCT = YES;
			};
			name = Release;
		};
		948C0DE61AAA30B000847345 /* Debug */ = {
			isa = XCBuildConfiguration;
			buildSettings = {
				ASSETCATALOG_COMPILER_APPICON_NAME = AppIcon;
				INFOPLIST_FILE = LocationSample/Info.plist;
				LD_RUNPATH_SEARCH_PATHS = "$(inherited) @executable_path/Frameworks";
				PRODUCT_NAME = "$(TARGET_NAME)";
			};
			name = Debug;
		};
		948C0DE71AAA30B000847345 /* Release */ = {
			isa = XCBuildConfiguration;
			buildSettings = {
				ASSETCATALOG_COMPILER_APPICON_NAME = AppIcon;
				INFOPLIST_FILE = LocationSample/Info.plist;
				LD_RUNPATH_SEARCH_PATHS = "$(inherited) @executable_path/Frameworks";
				PRODUCT_NAME = "$(TARGET_NAME)";
			};
			name = Release;
		};
		948C0DE91AAA30B000847345 /* Debug */ = {
			isa = XCBuildConfiguration;
			buildSettings = {
				BUNDLE_LOADER = "$(TEST_HOST)";
				FRAMEWORK_SEARCH_PATHS = (
					"$(SDKROOT)/Developer/Library/Frameworks",
					"$(inherited)",
				);
				GCC_PREPROCESSOR_DEFINITIONS = (
					"DEBUG=1",
					"$(inherited)",
				);
				INFOPLIST_FILE = LocationSampleTests/Info.plist;
				LD_RUNPATH_SEARCH_PATHS = "$(inherited) @executable_path/Frameworks @loader_path/Frameworks";
				PRODUCT_NAME = "$(TARGET_NAME)";
				TEST_HOST = "$(BUILT_PRODUCTS_DIR)/LocationSample.app/LocationSample";
			};
			name = Debug;
		};
		948C0DEA1AAA30B000847345 /* Release */ = {
			isa = XCBuildConfiguration;
			buildSettings = {
				BUNDLE_LOADER = "$(TEST_HOST)";
				FRAMEWORK_SEARCH_PATHS = (
					"$(SDKROOT)/Developer/Library/Frameworks",
					"$(inherited)",
				);
				INFOPLIST_FILE = LocationSampleTests/Info.plist;
				LD_RUNPATH_SEARCH_PATHS = "$(inherited) @executable_path/Frameworks @loader_path/Frameworks";
				PRODUCT_NAME = "$(TARGET_NAME)";
				TEST_HOST = "$(BUILT_PRODUCTS_DIR)/LocationSample.app/LocationSample";
			};
			name = Release;
		};
/* End XCBuildConfiguration section */

/* Begin XCConfigurationList section */
		948C0DC11AAA30B000847345 /* Build configuration list for PBXProject "LocationSample" */ = {
			isa = XCConfigurationList;
			buildConfigurations = (
				948C0DE31AAA30B000847345 /* Debug */,
				948C0DE41AAA30B000847345 /* Release */,
			);
			defaultConfigurationIsVisible = 0;
			defaultConfigurationName = Release;
		};
		948C0DE51AAA30B000847345 /* Build configuration list for PBXNativeTarget "LocationSample" */ = {
			isa = XCConfigurationList;
			buildConfigurations = (
				948C0DE61AAA30B000847345 /* Debug */,
				948C0DE71AAA30B000847345 /* Release */,
			);
			defaultConfigurationIsVisible = 0;
			defaultConfigurationName = Release;
		};
		948C0DE81AAA30B000847345 /* Build configuration list for PBXNativeTarget "LocationSampleTests" */ = {
			isa = XCConfigurationList;
			buildConfigurations = (
				948C0DE91AAA30B000847345 /* Debug */,
				948C0DEA1AAA30B000847345 /* Release */,
			);
			defaultConfigurationIsVisible = 0;
			defaultConfigurationName = Release;
		};
/* End XCConfigurationList section */
	};
	rootObject = 948C0DBE1AAA30B000847345 /* Project object */;
}
